%{
  "circuits_uart": {:hex, :circuits_uart, "1.3.1", "8c0a56f06828133a0b08363ecb994350a9529d388a912357d31829ae617cd801", [:mix], [{:elixir_make, "~> 0.4", [hex: :elixir_make, repo: "hexpm", optional: false]}], "hexpm"},
  "elixir_make": {:hex, :elixir_make, "0.5.2", "96a28c79f5b8d34879cd95ebc04d2a0d678cfbbd3e74c43cb63a76adf0ee8054", [:mix], [], "hexpm"},
}
